
Microsoft Visual Studio Solution File, Format Version 12.00
# Visual Studio 15
VisualStudioVersion = 15.0.28307.168
MinimumVisualStudioVersion = 10.0.40219.1
Project("{FAE04EC0-301F-11D3-BF4B-00C04F79EFBC}") = "Labo5oef5", "Labo5oef5\Labo5oef5.csproj", "{E8372779-2D99-454E-A944-032A9D6853D2}"
EndProject
Global
	GlobalSection(SolutionConfigurationPlatforms) = preSolution
		Debug|Any CPU = Debug|Any CPU
		Release|Any CPU = Release|Any CPU
	EndGlobalSection
	GlobalSection(ProjectConfigurationPlatforms) = postSolution
		{E8372779-2D99-454E-A944-032A9D6853D2}.Debug|Any CPU.ActiveCfg = Debug|Any CPU
		{E8372779-2D99-454E-A944-032A9D6853D2}.Debug|Any CPU.Build.0 = Debug|Any CPU
		{E8372779-2D99-454E-A944-032A9D6853D2}.Release|Any CPU.ActiveCfg = Release|Any CPU
		{E8372779-2D99-454E-A944-032A9D6853D2}.Release|Any CPU.Build.0 = Release|Any CPU
	EndGlobalSection
	GlobalSection(SolutionProperties) = preSolution
		HideSolutionNode = FALSE
	EndGlobalSection
	GlobalSection(ExtensibilityGlobals) = postSolution
		SolutionGuid = {1E63A8CB-CC59-4D8E-A079-96CD1464BF64}
	EndGlobalSection
EndGlobal
