
Microsoft Visual Studio Solution File, Format Version 12.00
# Visual Studio Version 16
VisualStudioVersion = 16.0.29728.190
MinimumVisualStudioVersion = 10.0.40219.1
Project("{FAE04EC0-301F-11D3-BF4B-00C04F79EFBC}") = "Labo2Oef4", "Labo2Oef4\Labo2Oef4.csproj", "{84932561-2676-4DBF-A383-60E023AFA94C}"
EndProject
Global
	GlobalSection(SolutionConfigurationPlatforms) = preSolution
		Debug|Any CPU = Debug|Any CPU
		Release|Any CPU = Release|Any CPU
	EndGlobalSection
	GlobalSection(ProjectConfigurationPlatforms) = postSolution
		{84932561-2676-4DBF-A383-60E023AFA94C}.Debug|Any CPU.ActiveCfg = Debug|Any CPU
		{84932561-2676-4DBF-A383-60E023AFA94C}.Debug|Any CPU.Build.0 = Debug|Any CPU
		{84932561-2676-4DBF-A383-60E023AFA94C}.Release|Any CPU.ActiveCfg = Release|Any CPU
		{84932561-2676-4DBF-A383-60E023AFA94C}.Release|Any CPU.Build.0 = Release|Any CPU
	EndGlobalSection
	GlobalSection(SolutionProperties) = preSolution
		HideSolutionNode = FALSE
	EndGlobalSection
	GlobalSection(ExtensibilityGlobals) = postSolution
		SolutionGuid = {D681E6EB-9C75-4DCA-AA89-E54EBB955F35}
	EndGlobalSection
EndGlobal
