
Microsoft Visual Studio Solution File, Format Version 12.00
# Visual Studio Version 16
VisualStudioVersion = 16.0.29728.190
MinimumVisualStudioVersion = 10.0.40219.1
Project("{FAE04EC0-301F-11D3-BF4B-00C04F79EFBC}") = "Labo2Oef3", "Labo2Oef3\Labo2Oef3.csproj", "{4F2DB2B4-BC0A-4177-9EDE-BF9D3365DEE9}"
EndProject
Global
	GlobalSection(SolutionConfigurationPlatforms) = preSolution
		Debug|Any CPU = Debug|Any CPU
		Release|Any CPU = Release|Any CPU
	EndGlobalSection
	GlobalSection(ProjectConfigurationPlatforms) = postSolution
		{4F2DB2B4-BC0A-4177-9EDE-BF9D3365DEE9}.Debug|Any CPU.ActiveCfg = Debug|Any CPU
		{4F2DB2B4-BC0A-4177-9EDE-BF9D3365DEE9}.Debug|Any CPU.Build.0 = Debug|Any CPU
		{4F2DB2B4-BC0A-4177-9EDE-BF9D3365DEE9}.Release|Any CPU.ActiveCfg = Release|Any CPU
		{4F2DB2B4-BC0A-4177-9EDE-BF9D3365DEE9}.Release|Any CPU.Build.0 = Release|Any CPU
	EndGlobalSection
	GlobalSection(SolutionProperties) = preSolution
		HideSolutionNode = FALSE
	EndGlobalSection
	GlobalSection(ExtensibilityGlobals) = postSolution
		SolutionGuid = {8AD681C3-A339-4A23-B306-58D738BB19A7}
	EndGlobalSection
EndGlobal
