
Microsoft Visual Studio Solution File, Format Version 12.00
# Visual Studio Version 16
VisualStudioVersion = 16.0.29728.190
MinimumVisualStudioVersion = 10.0.40219.1
Project("{FAE04EC0-301F-11D3-BF4B-00C04F79EFBC}") = "Labo2Oef5", "Labo2Oef5\Labo2Oef5.csproj", "{ADB724C9-E5E7-4C7A-BE85-8B0B86D9653D}"
EndProject
Global
	GlobalSection(SolutionConfigurationPlatforms) = preSolution
		Debug|Any CPU = Debug|Any CPU
		Release|Any CPU = Release|Any CPU
	EndGlobalSection
	GlobalSection(ProjectConfigurationPlatforms) = postSolution
		{ADB724C9-E5E7-4C7A-BE85-8B0B86D9653D}.Debug|Any CPU.ActiveCfg = Debug|Any CPU
		{ADB724C9-E5E7-4C7A-BE85-8B0B86D9653D}.Debug|Any CPU.Build.0 = Debug|Any CPU
		{ADB724C9-E5E7-4C7A-BE85-8B0B86D9653D}.Release|Any CPU.ActiveCfg = Release|Any CPU
		{ADB724C9-E5E7-4C7A-BE85-8B0B86D9653D}.Release|Any CPU.Build.0 = Release|Any CPU
	EndGlobalSection
	GlobalSection(SolutionProperties) = preSolution
		HideSolutionNode = FALSE
	EndGlobalSection
	GlobalSection(ExtensibilityGlobals) = postSolution
		SolutionGuid = {BC28812E-935B-46B0-8A4E-8E829E142347}
	EndGlobalSection
EndGlobal
