
Microsoft Visual Studio Solution File, Format Version 12.00
# Visual Studio Version 16
VisualStudioVersion = 16.0.29728.190
MinimumVisualStudioVersion = 10.0.40219.1
Project("{FAE04EC0-301F-11D3-BF4B-00C04F79EFBC}") = "Labo1oef2", "Labo1oef2\Labo1oef2.csproj", "{A095836C-E74D-46CE-A649-6CAF6FF1CE4B}"
EndProject
Global
	GlobalSection(SolutionConfigurationPlatforms) = preSolution
		Debug|Any CPU = Debug|Any CPU
		Release|Any CPU = Release|Any CPU
	EndGlobalSection
	GlobalSection(ProjectConfigurationPlatforms) = postSolution
		{A095836C-E74D-46CE-A649-6CAF6FF1CE4B}.Debug|Any CPU.ActiveCfg = Debug|Any CPU
		{A095836C-E74D-46CE-A649-6CAF6FF1CE4B}.Debug|Any CPU.Build.0 = Debug|Any CPU
		{A095836C-E74D-46CE-A649-6CAF6FF1CE4B}.Release|Any CPU.ActiveCfg = Release|Any CPU
		{A095836C-E74D-46CE-A649-6CAF6FF1CE4B}.Release|Any CPU.Build.0 = Release|Any CPU
	EndGlobalSection
	GlobalSection(SolutionProperties) = preSolution
		HideSolutionNode = FALSE
	EndGlobalSection
	GlobalSection(ExtensibilityGlobals) = postSolution
		SolutionGuid = {F0F8F6EB-702A-42DC-B4E5-9D9418C3D9A8}
	EndGlobalSection
EndGlobal
